
Microsoft Visual Studio Solution File, Format Version 12.00
# Visual Studio Version 16
VisualStudioVersion = 16.0.29411.108
MinimumVisualStudioVersion = 10.0.40219.1
Project("{FAE04EC0-301F-11D3-BF4B-00C04F79EFBC}") = "Library", "Library\Library.csproj", "{6E7231A7-1AEB-4601-B4A1-8C8F83DDEAB0}"
EndProject
Project("{FAE04EC0-301F-11D3-BF4B-00C04F79EFBC}") = "Tool", "Tool\Tool.csproj", "{6AC76A35-8986-4B40-BB79-FE10364FA4FB}"
EndProject
Project("{FAE04EC0-301F-11D3-BF4B-00C04F79EFBC}") = "Library.DAL", "DAL\Library.DAL.csproj", "{7AC02A46-54AF-408E-949C-B6986E965EA4}"
EndProject
Project("{FAE04EC0-301F-11D3-BF4B-00C04F79EFBC}") = "WebApiSampleConsume.Tools", "WebApiSampleConsume.Tools\WebApiSampleConsume.Tools.csproj", "{A2F70899-1152-403B-AFEE-7AF6700A4F62}"
EndProject
Global
	GlobalSection(SolutionConfigurationPlatforms) = preSolution
		Debug|Any CPU = Debug|Any CPU
		Debug|ARM = Debug|ARM
		Debug|ARM64 = Debug|ARM64
		Debug|x64 = Debug|x64
		Debug|x86 = Debug|x86
		Release|Any CPU = Release|Any CPU
		Release|ARM = Release|ARM
		Release|ARM64 = Release|ARM64
		Release|x64 = Release|x64
		Release|x86 = Release|x86
	EndGlobalSection
	GlobalSection(ProjectConfigurationPlatforms) = postSolution
		{6E7231A7-1AEB-4601-B4A1-8C8F83DDEAB0}.Debug|Any CPU.ActiveCfg = Debug|Any CPU
		{6E7231A7-1AEB-4601-B4A1-8C8F83DDEAB0}.Debug|Any CPU.Build.0 = Debug|Any CPU
		{6E7231A7-1AEB-4601-B4A1-8C8F83DDEAB0}.Debug|ARM.ActiveCfg = Debug|Any CPU
		{6E7231A7-1AEB-4601-B4A1-8C8F83DDEAB0}.Debug|ARM.Build.0 = Debug|Any CPU
		{6E7231A7-1AEB-4601-B4A1-8C8F83DDEAB0}.Debug|ARM64.ActiveCfg = Debug|Any CPU
		{6E7231A7-1AEB-4601-B4A1-8C8F83DDEAB0}.Debug|ARM64.Build.0 = Debug|Any CPU
		{6E7231A7-1AEB-4601-B4A1-8C8F83DDEAB0}.Debug|x64.ActiveCfg = Debug|Any CPU
		{6E7231A7-1AEB-4601-B4A1-8C8F83DDEAB0}.Debug|x64.Build.0 = Debug|Any CPU
		{6E7231A7-1AEB-4601-B4A1-8C8F83DDEAB0}.Debug|x86.ActiveCfg = Debug|Any CPU
		{6E7231A7-1AEB-4601-B4A1-8C8F83DDEAB0}.Debug|x86.Build.0 = Debug|Any CPU
		{6E7231A7-1AEB-4601-B4A1-8C8F83DDEAB0}.Release|Any CPU.ActiveCfg = Release|Any CPU
		{6E7231A7-1AEB-4601-B4A1-8C8F83DDEAB0}.Release|Any CPU.Build.0 = Release|Any CPU
		{6E7231A7-1AEB-4601-B4A1-8C8F83DDEAB0}.Release|ARM.ActiveCfg = Release|Any CPU
		{6E7231A7-1AEB-4601-B4A1-8C8F83DDEAB0}.Release|ARM.Build.0 = Release|Any CPU
		{6E7231A7-1AEB-4601-B4A1-8C8F83DDEAB0}.Release|ARM64.ActiveCfg = Release|Any CPU
		{6E7231A7-1AEB-4601-B4A1-8C8F83DDEAB0}.Release|ARM64.Build.0 = Release|Any CPU
		{6E7231A7-1AEB-4601-B4A1-8C8F83DDEAB0}.Release|x64.ActiveCfg = Release|Any CPU
		{6E7231A7-1AEB-4601-B4A1-8C8F83DDEAB0}.Release|x64.Build.0 = Release|Any CPU
		{6E7231A7-1AEB-4601-B4A1-8C8F83DDEAB0}.Release|x86.ActiveCfg = Release|Any CPU
		{6E7231A7-1AEB-4601-B4A1-8C8F83DDEAB0}.Release|x86.Build.0 = Release|Any CPU
		{6AC76A35-8986-4B40-BB79-FE10364FA4FB}.Debug|Any CPU.ActiveCfg = Debug|Any CPU
		{6AC76A35-8986-4B40-BB79-FE10364FA4FB}.Debug|Any CPU.Build.0 = Debug|Any CPU
		{6AC76A35-8986-4B40-BB79-FE10364FA4FB}.Debug|ARM.ActiveCfg = Debug|Any CPU
		{6AC76A35-8986-4B40-BB79-FE10364FA4FB}.Debug|ARM.Build.0 = Debug|Any CPU
		{6AC76A35-8986-4B40-BB79-FE10364FA4FB}.Debug|ARM64.ActiveCfg = Debug|Any CPU
		{6AC76A35-8986-4B40-BB79-FE10364FA4FB}.Debug|ARM64.Build.0 = Debug|Any CPU
		{6AC76A35-8986-4B40-BB79-FE10364FA4FB}.Debug|x64.ActiveCfg = Debug|Any CPU
		{6AC76A35-8986-4B40-BB79-FE10364FA4FB}.Debug|x64.Build.0 = Debug|Any CPU
		{6AC76A35-8986-4B40-BB79-FE10364FA4FB}.Debug|x86.ActiveCfg = Debug|Any CPU
		{6AC76A35-8986-4B40-BB79-FE10364FA4FB}.Debug|x86.Build.0 = Debug|Any CPU
		{6AC76A35-8986-4B40-BB79-FE10364FA4FB}.Release|Any CPU.ActiveCfg = Release|Any CPU
		{6AC76A35-8986-4B40-BB79-FE10364FA4FB}.Release|Any CPU.Build.0 = Release|Any CPU
		{6AC76A35-8986-4B40-BB79-FE10364FA4FB}.Release|ARM.ActiveCfg = Release|Any CPU
		{6AC76A35-8986-4B40-BB79-FE10364FA4FB}.Release|ARM.Build.0 = Release|Any CPU
		{6AC76A35-8986-4B40-BB79-FE10364FA4FB}.Release|ARM64.ActiveCfg = Release|Any CPU
		{6AC76A35-8986-4B40-BB79-FE10364FA4FB}.Release|ARM64.Build.0 = Release|Any CPU
		{6AC76A35-8986-4B40-BB79-FE10364FA4FB}.Release|x64.ActiveCfg = Release|Any CPU
		{6AC76A35-8986-4B40-BB79-FE10364FA4FB}.Release|x64.Build.0 = Release|Any CPU
		{6AC76A35-8986-4B40-BB79-FE10364FA4FB}.Release|x86.ActiveCfg = Release|Any CPU
		{6AC76A35-8986-4B40-BB79-FE10364FA4FB}.Release|x86.Build.0 = Release|Any CPU
		{7AC02A46-54AF-408E-949C-B6986E965EA4}.Debug|Any CPU.ActiveCfg = Debug|Any CPU
		{7AC02A46-54AF-408E-949C-B6986E965EA4}.Debug|Any CPU.Build.0 = Debug|Any CPU
		{7AC02A46-54AF-408E-949C-B6986E965EA4}.Debug|ARM.ActiveCfg = Debug|Any CPU
		{7AC02A46-54AF-408E-949C-B6986E965EA4}.Debug|ARM.Build.0 = Debug|Any CPU
		{7AC02A46-54AF-408E-949C-B6986E965EA4}.Debug|ARM64.ActiveCfg = Debug|Any CPU
		{7AC02A46-54AF-408E-949C-B6986E965EA4}.Debug|ARM64.Build.0 = Debug|Any CPU
		{7AC02A46-54AF-408E-949C-B6986E965EA4}.Debug|x64.ActiveCfg = Debug|Any CPU
		{7AC02A46-54AF-408E-949C-B6986E965EA4}.Debug|x64.Build.0 = Debug|Any CPU
		{7AC02A46-54AF-408E-949C-B6986E965EA4}.Debug|x86.ActiveCfg = Debug|Any CPU
		{7AC02A46-54AF-408E-949C-B6986E965EA4}.Debug|x86.Build.0 = Debug|Any CPU
		{7AC02A46-54AF-408E-949C-B6986E965EA4}.Release|Any CPU.ActiveCfg = Release|Any CPU
		{7AC02A46-54AF-408E-949C-B6986E965EA4}.Release|Any CPU.Build.0 = Release|Any CPU
		{7AC02A46-54AF-408E-949C-B6986E965EA4}.Release|ARM.ActiveCfg = Release|Any CPU
		{7AC02A46-54AF-408E-949C-B6986E965EA4}.Release|ARM.Build.0 = Release|Any CPU
		{7AC02A46-54AF-408E-949C-B6986E965EA4}.Release|ARM64.ActiveCfg = Release|Any CPU
		{7AC02A46-54AF-408E-949C-B6986E965EA4}.Release|ARM64.Build.0 = Release|Any CPU
		{7AC02A46-54AF-408E-949C-B6986E965EA4}.Release|x64.ActiveCfg = Release|Any CPU
		{7AC02A46-54AF-408E-949C-B6986E965EA4}.Release|x64.Build.0 = Release|Any CPU
		{7AC02A46-54AF-408E-949C-B6986E965EA4}.Release|x86.ActiveCfg = Release|Any CPU
		{7AC02A46-54AF-408E-949C-B6986E965EA4}.Release|x86.Build.0 = Release|Any CPU
		{A2F70899-1152-403B-AFEE-7AF6700A4F62}.Debug|Any CPU.ActiveCfg = Debug|Any CPU
		{A2F70899-1152-403B-AFEE-7AF6700A4F62}.Debug|Any CPU.Build.0 = Debug|Any CPU
		{A2F70899-1152-403B-AFEE-7AF6700A4F62}.Debug|ARM.ActiveCfg = Debug|Any CPU
		{A2F70899-1152-403B-AFEE-7AF6700A4F62}.Debug|ARM.Build.0 = Debug|Any CPU
		{A2F70899-1152-403B-AFEE-7AF6700A4F62}.Debug|ARM64.ActiveCfg = Debug|Any CPU
		{A2F70899-1152-403B-AFEE-7AF6700A4F62}.Debug|ARM64.Build.0 = Debug|Any CPU
		{A2F70899-1152-403B-AFEE-7AF6700A4F62}.Debug|x64.ActiveCfg = Debug|Any CPU
		{A2F70899-1152-403B-AFEE-7AF6700A4F62}.Debug|x64.Build.0 = Debug|Any CPU
		{A2F70899-1152-403B-AFEE-7AF6700A4F62}.Debug|x86.ActiveCfg = Debug|Any CPU
		{A2F70899-1152-403B-AFEE-7AF6700A4F62}.Debug|x86.Build.0 = Debug|Any CPU
		{A2F70899-1152-403B-AFEE-7AF6700A4F62}.Release|Any CPU.ActiveCfg = Release|Any CPU
		{A2F70899-1152-403B-AFEE-7AF6700A4F62}.Release|Any CPU.Build.0 = Release|Any CPU
		{A2F70899-1152-403B-AFEE-7AF6700A4F62}.Release|ARM.ActiveCfg = Release|Any CPU
		{A2F70899-1152-403B-AFEE-7AF6700A4F62}.Release|ARM.Build.0 = Release|Any CPU
		{A2F70899-1152-403B-AFEE-7AF6700A4F62}.Release|ARM64.ActiveCfg = Release|Any CPU
		{A2F70899-1152-403B-AFEE-7AF6700A4F62}.Release|ARM64.Build.0 = Release|Any CPU
		{A2F70899-1152-403B-AFEE-7AF6700A4F62}.Release|x64.ActiveCfg = Release|Any CPU
		{A2F70899-1152-403B-AFEE-7AF6700A4F62}.Release|x64.Build.0 = Release|Any CPU
		{A2F70899-1152-403B-AFEE-7AF6700A4F62}.Release|x86.ActiveCfg = Release|Any CPU
		{A2F70899-1152-403B-AFEE-7AF6700A4F62}.Release|x86.Build.0 = Release|Any CPU
	EndGlobalSection
	GlobalSection(SolutionProperties) = preSolution
		HideSolutionNode = FALSE
	EndGlobalSection
	GlobalSection(ExtensibilityGlobals) = postSolution
		SolutionGuid = {C3A8770D-1D3D-4C2A-9352-5B40403CA0F3}
	EndGlobalSection
EndGlobal
